
Microsoft Visual Studio Solution File, Format Version 12.00
# Visual Studio Version 17
VisualStudioVersion = 17.3.32819.101
MinimumVisualStudioVersion = 10.0.40219.1
Project("{8BC9CEB8-8B4A-11D0-8D11-00A0C91BC942}") = "City Racing", "City Racing.vcxproj", "{34FAA96E-1087-4405-B151-AFB9AF40E149}"
EndProject
Global
	GlobalSection(SolutionConfigurationPlatforms) = preSolution
		Debug|x64 = Debug|x64
		Debug|x86 = Debug|x86
		Release|x64 = Release|x64
		Release|x86 = Release|x86
	EndGlobalSection
	GlobalSection(ProjectConfigurationPlatforms) = postSolution
		{34FAA96E-1087-4405-B151-AFB9AF40E149}.Debug|x64.ActiveCfg = Debug|x64
		{34FAA96E-1087-4405-B151-AFB9AF40E149}.Debug|x64.Build.0 = Debug|x64
		{34FAA96E-1087-4405-B151-AFB9AF40E149}.Debug|x86.ActiveCfg = Debug|Win32
		{34FAA96E-1087-4405-B151-AFB9AF40E149}.Debug|x86.Build.0 = Debug|Win32
		{34FAA96E-1087-4405-B151-AFB9AF40E149}.Release|x64.ActiveCfg = Release|x64
		{34FAA96E-1087-4405-B151-AFB9AF40E149}.Release|x64.Build.0 = Release|x64
		{34FAA96E-1087-4405-B151-AFB9AF40E149}.Release|x86.ActiveCfg = Release|Win32
		{34FAA96E-1087-4405-B151-AFB9AF40E149}.Release|x86.Build.0 = Release|Win32
	EndGlobalSection
	GlobalSection(SolutionProperties) = preSolution
		HideSolutionNode = FALSE
	EndGlobalSection
	GlobalSection(ExtensibilityGlobals) = postSolution
		SolutionGuid = {D7DB83B1-78FB-4F34-9C5D-4C6637A195D0}
	EndGlobalSection
EndGlobal
